
Microsoft Visual Studio Solution File, Format Version 12.00
# Visual Studio Version 16
VisualStudioVersion = 16.0.29926.136
MinimumVisualStudioVersion = 10.0.40219.1
Project("{9A19103F-16F7-4668-BE54-9A1E7A4F7556}") = "SampleProject", "MyVideosConverter\SampleProject.csproj", "{D4F3734E-EAC7-4CFB-8EB9-1BB38B06A7DA}"
EndProject
Project("{9A19103F-16F7-4668-BE54-9A1E7A4F7556}") = "Xabe.FFmpeg.Downloader", "..\src\Xabe.FFmpeg.Downloader\Xabe.FFmpeg.Downloader.csproj", "{203D7D07-B243-4035-988F-025EC0920D0A}"
EndProject
Project("{9A19103F-16F7-4668-BE54-9A1E7A4F7556}") = "Xabe.FFmpeg", "..\src\Xabe.FFmpeg\Xabe.FFmpeg.csproj", "{EA6C94BB-729E-4A13-8A5D-CF0A4A5A7E39}"
EndProject
Global
	GlobalSection(SolutionConfigurationPlatforms) = preSolution
		Debug|Any CPU = Debug|Any CPU
		Release|Any CPU = Release|Any CPU
	EndGlobalSection
	GlobalSection(ProjectConfigurationPlatforms) = postSolution
		{D4F3734E-EAC7-4CFB-8EB9-1BB38B06A7DA}.Debug|Any CPU.ActiveCfg = Debug|Any CPU
		{D4F3734E-EAC7-4CFB-8EB9-1BB38B06A7DA}.Debug|Any CPU.Build.0 = Debug|Any CPU
		{D4F3734E-EAC7-4CFB-8EB9-1BB38B06A7DA}.Release|Any CPU.ActiveCfg = Release|Any CPU
		{D4F3734E-EAC7-4CFB-8EB9-1BB38B06A7DA}.Release|Any CPU.Build.0 = Release|Any CPU
		{203D7D07-B243-4035-988F-025EC0920D0A}.Debug|Any CPU.ActiveCfg = Debug|Any CPU
		{203D7D07-B243-4035-988F-025EC0920D0A}.Debug|Any CPU.Build.0 = Debug|Any CPU
		{203D7D07-B243-4035-988F-025EC0920D0A}.Release|Any CPU.ActiveCfg = Release|Any CPU
		{203D7D07-B243-4035-988F-025EC0920D0A}.Release|Any CPU.Build.0 = Release|Any CPU
		{EA6C94BB-729E-4A13-8A5D-CF0A4A5A7E39}.Debug|Any CPU.ActiveCfg = Debug|Any CPU
		{EA6C94BB-729E-4A13-8A5D-CF0A4A5A7E39}.Debug|Any CPU.Build.0 = Debug|Any CPU
		{EA6C94BB-729E-4A13-8A5D-CF0A4A5A7E39}.Release|Any CPU.ActiveCfg = Release|Any CPU
		{EA6C94BB-729E-4A13-8A5D-CF0A4A5A7E39}.Release|Any CPU.Build.0 = Release|Any CPU
	EndGlobalSection
	GlobalSection(SolutionProperties) = preSolution
		HideSolutionNode = FALSE
	EndGlobalSection
	GlobalSection(ExtensibilityGlobals) = postSolution
		SolutionGuid = {E5ECBFBD-5742-4536-B4F3-DA76DE69550A}
	EndGlobalSection
EndGlobal
